// !$*UTF8*$!
{
	archiveVersion = 1;
	classes = {
	};
	objectVersion = 46;
	objects = {

/* Begin PBXBuildFile section */
		E037AAA419F949ED00038DBA /* MotionMeasurementController.swift in Sources */ = {isa = PBXBuildFile; fileRef = E037AAA319F949ED00038DBA /* MotionMeasurementController.swift */; };
		E040631219E3BCD900C0A3D0 /* CoreLocation.framework in Frameworks */ = {isa = PBXBuildFile; fileRef = E040631119E3BCD900C0A3D0 /* CoreLocation.framework */; };
		E040633819E549ED00C0A3D0 /* AppDelegate.swift in Sources */ = {isa = PBXBuildFile; fileRef = E040632819E549ED00C0A3D0 /* AppDelegate.swift */; };
		E040633919E549ED00C0A3D0 /* LaunchScreen.xib in Resources */ = {isa = PBXBuildFile; fileRef = E040632919E549ED00C0A3D0 /* LaunchScreen.xib */; };
		E040633A19E549ED00C0A3D0 /* Main.storyboard in Resources */ = {isa = PBXBuildFile; fileRef = E040632B19E549ED00C0A3D0 /* Main.storyboard */; };
		E040633B19E549ED00C0A3D0 /* BeaconViewController.swift in Sources */ = {isa = PBXBuildFile; fileRef = E040632E19E549ED00C0A3D0 /* BeaconViewController.swift */; };
		E040633C19E549ED00C0A3D0 /* Images.xcassets in Resources */ = {isa = PBXBuildFile; fileRef = E040632F19E549ED00C0A3D0 /* Images.xcassets */; };
		E040633E19E549ED00C0A3D0 /* BeaconLogManager.swift in Sources */ = {isa = PBXBuildFile; fileRef = E040633219E549ED00C0A3D0 /* BeaconLogManager.swift */; };
		E040633F19E549ED00C0A3D0 /* BeaconRadar.swift in Sources */ = {isa = PBXBuildFile; fileRef = E040633319E549ED00C0A3D0 /* BeaconRadar.swift */; };
		E040634019E549ED00C0A3D0 /* Observable.swift in Sources */ = {isa = PBXBuildFile; fileRef = E040633519E549ED00C0A3D0 /* Observable.swift */; };
		E040634119E549ED00C0A3D0 /* Observer.swift in Sources */ = {isa = PBXBuildFile; fileRef = E040633619E549ED00C0A3D0 /* Observer.swift */; };
		E040634519E54A0A00C0A3D0 /* IndoorLocalizationTests.swift in Sources */ = {isa = PBXBuildFile; fileRef = E040634319E54A0A00C0A3D0 /* IndoorLocalizationTests.swift */; };
		E040635119E70AB000C0A3D0 /* BeaconDetailsViewController.swift in Sources */ = {isa = PBXBuildFile; fileRef = E040635019E70AB000C0A3D0 /* BeaconDetailsViewController.swift */; };
		E040635319E7B32000C0A3D0 /* BeaconRangingChartViewController.swift in Sources */ = {isa = PBXBuildFile; fileRef = E040635219E7B32000C0A3D0 /* BeaconRangingChartViewController.swift */; };
		E04F6B681A08E5A100C7F78E /* ParticleFilter.swift in Sources */ = {isa = PBXBuildFile; fileRef = E04F6B671A08E5A100C7F78E /* ParticleFilter.swift */; };
		E09460F81A00D0F70026E002 /* StepCounterViewController.swift in Sources */ = {isa = PBXBuildFile; fileRef = E09460F71A00D0F70026E002 /* StepCounterViewController.swift */; };
		E09460FA1A0261280026E002 /* Map.swift in Sources */ = {isa = PBXBuildFile; fileRef = E09460F91A0261280026E002 /* Map.swift */; };
		E09460FC1A0261380026E002 /* MapsManager.swift in Sources */ = {isa = PBXBuildFile; fileRef = E09460FB1A0261380026E002 /* MapsManager.swift */; };
		E09460FE1A02850F0026E002 /* UIImage.swift in Sources */ = {isa = PBXBuildFile; fileRef = E09460FD1A02850F0026E002 /* UIImage.swift */; };
		E09461001A02AD070026E002 /* ParticleMapViewController.swift in Sources */ = {isa = PBXBuildFile; fileRef = E09460FF1A02AD070026E002 /* ParticleMapViewController.swift */; };
		E09461061A03FA5D0026E002 /* ParticleMapView.swift in Sources */ = {isa = PBXBuildFile; fileRef = E09461051A03FA5D0026E002 /* ParticleMapView.swift */; };
		E09461081A03FAAA0026E002 /* Particle.swift in Sources */ = {isa = PBXBuildFile; fileRef = E09461071A03FAAA0026E002 /* Particle.swift */; };
		FAA8A0DDB4263D024491547F /* libPods-BeaconRadio.a in Frameworks */ = {isa = PBXBuildFile; fileRef = 096DBBE9DC6CC1E4D7CE2CE3 /* libPods-BeaconRadio.a */; };
/* End PBXBuildFile section */

/* Begin PBXContainerItemProxy section */
		E040630219E3BC8B00C0A3D0 /* PBXContainerItemProxy */ = {
			isa = PBXContainerItemProxy;
			containerPortal = E04062E219E3BC8B00C0A3D0 /* Project object */;
			proxyType = 1;
			remoteGlobalIDString = E04062E919E3BC8B00C0A3D0;
			remoteInfo = IndoorLocalization;
		};
		E040634719E58CFC00C0A3D0 /* PBXContainerItemProxy */ = {
			isa = PBXContainerItemProxy;
			containerPortal = E04062E219E3BC8B00C0A3D0 /* Project object */;
			proxyType = 1;
			remoteGlobalIDString = E04062E919E3BC8B00C0A3D0;
			remoteInfo = BeaconRadio;
		};
		E040634919E58D0200C0A3D0 /* PBXContainerItemProxy */ = {
			isa = PBXContainerItemProxy;
			containerPortal = E04062E219E3BC8B00C0A3D0 /* Project object */;
			proxyType = 1;
			remoteGlobalIDString = E04062E919E3BC8B00C0A3D0;
			remoteInfo = BeaconRadio;
		};
		E040634B19E58D0300C0A3D0 /* PBXContainerItemProxy */ = {
			isa = PBXContainerItemProxy;
			containerPortal = E04062E219E3BC8B00C0A3D0 /* Project object */;
			proxyType = 1;
			remoteGlobalIDString = E04062E919E3BC8B00C0A3D0;
			remoteInfo = BeaconRadio;
		};
/* End PBXContainerItemProxy section */

/* Begin PBXFileReference section */
		096DBBE9DC6CC1E4D7CE2CE3 /* libPods-BeaconRadio.a */ = {isa = PBXFileReference; explicitFileType = archive.ar; includeInIndex = 0; path = "libPods-BeaconRadio.a"; sourceTree = BUILT_PRODUCTS_DIR; };
		95ABF6B9C87707F0FF76C6C5 /* Pods-BeaconRadio.release.xcconfig */ = {isa = PBXFileReference; includeInIndex = 1; lastKnownFileType = text.xcconfig; name = "Pods-BeaconRadio.release.xcconfig"; path = "Pods/Target Support Files/Pods-BeaconRadio/Pods-BeaconRadio.release.xcconfig"; sourceTree = "<group>"; };
		980E73A51563FD00165D0F1B /* Pods-BeaconRadio.debug.xcconfig */ = {isa = PBXFileReference; includeInIndex = 1; lastKnownFileType = text.xcconfig; name = "Pods-BeaconRadio.debug.xcconfig"; path = "Pods/Target Support Files/Pods-BeaconRadio/Pods-BeaconRadio.debug.xcconfig"; sourceTree = "<group>"; };
		E037AAA319F949ED00038DBA /* MotionMeasurementController.swift */ = {isa = PBXFileReference; fileEncoding = 4; lastKnownFileType = sourcecode.swift; path = MotionMeasurementController.swift; sourceTree = "<group>"; };
		E04062EA19E3BC8B00C0A3D0 /* BeaconRadio.app */ = {isa = PBXFileReference; explicitFileType = wrapper.application; includeInIndex = 0; path = BeaconRadio.app; sourceTree = BUILT_PRODUCTS_DIR; };
		E040630119E3BC8B00C0A3D0 /* BeaconRadioTests.xctest */ = {isa = PBXFileReference; explicitFileType = wrapper.cfbundle; includeInIndex = 0; path = BeaconRadioTests.xctest; sourceTree = BUILT_PRODUCTS_DIR; };
		E040631119E3BCD900C0A3D0 /* CoreLocation.framework */ = {isa = PBXFileReference; lastKnownFileType = wrapper.framework; name = CoreLocation.framework; path = System/Library/Frameworks/CoreLocation.framework; sourceTree = SDKROOT; };
		E040632819E549ED00C0A3D0 /* AppDelegate.swift */ = {isa = PBXFileReference; fileEncoding = 4; lastKnownFileType = sourcecode.swift; path = AppDelegate.swift; sourceTree = "<group>"; };
		E040632A19E549ED00C0A3D0 /* Base */ = {isa = PBXFileReference; lastKnownFileType = file.xib; name = Base; path = Base.lproj/LaunchScreen.xib; sourceTree = "<group>"; };
		E040632C19E549ED00C0A3D0 /* Base */ = {isa = PBXFileReference; lastKnownFileType = file.storyboard; name = Base; path = Base.lproj/Main.storyboard; sourceTree = "<group>"; };
		E040632E19E549ED00C0A3D0 /* BeaconViewController.swift */ = {isa = PBXFileReference; fileEncoding = 4; lastKnownFileType = sourcecode.swift; path = BeaconViewController.swift; sourceTree = "<group>"; };
		E040632F19E549ED00C0A3D0 /* Images.xcassets */ = {isa = PBXFileReference; lastKnownFileType = folder.assetcatalog; path = Images.xcassets; sourceTree = "<group>"; };
		E040633019E549ED00C0A3D0 /* Info.plist */ = {isa = PBXFileReference; fileEncoding = 4; lastKnownFileType = text.plist.xml; path = Info.plist; sourceTree = "<group>"; };
		E040633219E549ED00C0A3D0 /* BeaconLogManager.swift */ = {isa = PBXFileReference; fileEncoding = 4; lastKnownFileType = sourcecode.swift; path = BeaconLogManager.swift; sourceTree = "<group>"; };
		E040633319E549ED00C0A3D0 /* BeaconRadar.swift */ = {isa = PBXFileReference; fileEncoding = 4; lastKnownFileType = sourcecode.swift; path = BeaconRadar.swift; sourceTree = "<group>"; };
		E040633519E549ED00C0A3D0 /* Observable.swift */ = {isa = PBXFileReference; fileEncoding = 4; lastKnownFileType = sourcecode.swift; path = Observable.swift; sourceTree = "<group>"; };
		E040633619E549ED00C0A3D0 /* Observer.swift */ = {isa = PBXFileReference; fileEncoding = 4; lastKnownFileType = sourcecode.swift; path = Observer.swift; sourceTree = "<group>"; };
		E040634319E54A0A00C0A3D0 /* IndoorLocalizationTests.swift */ = {isa = PBXFileReference; fileEncoding = 4; lastKnownFileType = sourcecode.swift; path = IndoorLocalizationTests.swift; sourceTree = "<group>"; };
		E040634419E54A0A00C0A3D0 /* Info.plist */ = {isa = PBXFileReference; fileEncoding = 4; lastKnownFileType = text.plist.xml; path = Info.plist; sourceTree = "<group>"; };
		E040635019E70AB000C0A3D0 /* BeaconDetailsViewController.swift */ = {isa = PBXFileReference; fileEncoding = 4; lastKnownFileType = sourcecode.swift; path = BeaconDetailsViewController.swift; sourceTree = "<group>"; };
		E040635219E7B32000C0A3D0 /* BeaconRangingChartViewController.swift */ = {isa = PBXFileReference; fileEncoding = 4; lastKnownFileType = sourcecode.swift; path = BeaconRangingChartViewController.swift; sourceTree = "<group>"; };
		E040635419E7C17C00C0A3D0 /* BeaconRadio-Bridging-Header.h */ = {isa = PBXFileReference; lastKnownFileType = sourcecode.c.h; path = "BeaconRadio-Bridging-Header.h"; sourceTree = "<group>"; };
		E04F6B671A08E5A100C7F78E /* ParticleFilter.swift */ = {isa = PBXFileReference; fileEncoding = 4; lastKnownFileType = sourcecode.swift; path = ParticleFilter.swift; sourceTree = "<group>"; };
		E09460F71A00D0F70026E002 /* StepCounterViewController.swift */ = {isa = PBXFileReference; fileEncoding = 4; lastKnownFileType = sourcecode.swift; path = StepCounterViewController.swift; sourceTree = "<group>"; };
		E09460F91A0261280026E002 /* Map.swift */ = {isa = PBXFileReference; fileEncoding = 4; lastKnownFileType = sourcecode.swift; path = Map.swift; sourceTree = "<group>"; };
		E09460FB1A0261380026E002 /* MapsManager.swift */ = {isa = PBXFileReference; fileEncoding = 4; lastKnownFileType = sourcecode.swift; path = MapsManager.swift; sourceTree = "<group>"; };
		E09460FD1A02850F0026E002 /* UIImage.swift */ = {isa = PBXFileReference; fileEncoding = 4; lastKnownFileType = sourcecode.swift; path = UIImage.swift; sourceTree = "<group>"; };
		E09460FF1A02AD070026E002 /* ParticleMapViewController.swift */ = {isa = PBXFileReference; fileEncoding = 4; lastKnownFileType = sourcecode.swift; path = ParticleMapViewController.swift; sourceTree = "<group>"; };
		E09461051A03FA5D0026E002 /* ParticleMapView.swift */ = {isa = PBXFileReference; fileEncoding = 4; lastKnownFileType = sourcecode.swift; path = ParticleMapView.swift; sourceTree = "<group>"; };
		E09461071A03FAAA0026E002 /* Particle.swift */ = {isa = PBXFileReference; fileEncoding = 4; lastKnownFileType = sourcecode.swift; path = Particle.swift; sourceTree = "<group>"; };
/* End PBXFileReference section */

/* Begin PBXFrameworksBuildPhase section */
		E04062E719E3BC8B00C0A3D0 /* Frameworks */ = {
			isa = PBXFrameworksBuildPhase;
			buildActionMask = 2147483647;
			files = (
				E040631219E3BCD900C0A3D0 /* CoreLocation.framework in Frameworks */,
				FAA8A0DDB4263D024491547F /* libPods-BeaconRadio.a in Frameworks */,
			);
			runOnlyForDeploymentPostprocessing = 0;
		};
		E04062FE19E3BC8B00C0A3D0 /* Frameworks */ = {
			isa = PBXFrameworksBuildPhase;
			buildActionMask = 2147483647;
			files = (
			);
			runOnlyForDeploymentPostprocessing = 0;
		};
/* End PBXFrameworksBuildPhase section */

/* Begin PBXGroup section */
		67123D1858AE6BF022438A2B /* Frameworks */ = {
			isa = PBXGroup;
			children = (
				096DBBE9DC6CC1E4D7CE2CE3 /* libPods-BeaconRadio.a */,
			);
			name = Frameworks;
			sourceTree = "<group>";
		};
		CFD50916D7B7C6708694F17B /* Pods */ = {
			isa = PBXGroup;
			children = (
				980E73A51563FD00165D0F1B /* Pods-BeaconRadio.debug.xcconfig */,
				95ABF6B9C87707F0FF76C6C5 /* Pods-BeaconRadio.release.xcconfig */,
			);
			name = Pods;
			sourceTree = "<group>";
		};
		E04062E119E3BC8B00C0A3D0 = {
			isa = PBXGroup;
			children = (
				E040632719E549ED00C0A3D0 /* BeaconRadio */,
				E040634219E54A0A00C0A3D0 /* BeaconRadioTests */,
				E040631119E3BCD900C0A3D0 /* CoreLocation.framework */,
				E04062EB19E3BC8B00C0A3D0 /* Products */,
				CFD50916D7B7C6708694F17B /* Pods */,
				67123D1858AE6BF022438A2B /* Frameworks */,
			);
			sourceTree = "<group>";
		};
		E04062EB19E3BC8B00C0A3D0 /* Products */ = {
			isa = PBXGroup;
			children = (
				E04062EA19E3BC8B00C0A3D0 /* BeaconRadio.app */,
				E040630119E3BC8B00C0A3D0 /* BeaconRadioTests.xctest */,
			);
			name = Products;
			sourceTree = "<group>";
		};
		E040632719E549ED00C0A3D0 /* BeaconRadio */ = {
			isa = PBXGroup;
			children = (
				E040632819E549ED00C0A3D0 /* AppDelegate.swift */,
				E040633719E549ED00C0A3D0 /* views */,
				E040632D19E549ED00C0A3D0 /* controllers */,
				E040633119E549ED00C0A3D0 /* model */,
				E040633419E549ED00C0A3D0 /* util */,
				E040634D19E58DB200C0A3D0 /* Supporting Files */,
				E040635419E7C17C00C0A3D0 /* BeaconRadio-Bridging-Header.h */,
			);
			path = BeaconRadio;
			sourceTree = "<group>";
		};
		E040632D19E549ED00C0A3D0 /* controllers */ = {
			isa = PBXGroup;
			children = (
				E040632E19E549ED00C0A3D0 /* BeaconViewController.swift */,
				E040635019E70AB000C0A3D0 /* BeaconDetailsViewController.swift */,
				E040635219E7B32000C0A3D0 /* BeaconRangingChartViewController.swift */,
				E037AAA319F949ED00038DBA /* MotionMeasurementController.swift */,
				E09460F71A00D0F70026E002 /* StepCounterViewController.swift */,
				E09460FF1A02AD070026E002 /* ParticleMapViewController.swift */,
			);
			path = controllers;
			sourceTree = "<group>";
		};
		E040633119E549ED00C0A3D0 /* model */ = {
			isa = PBXGroup;
			children = (
				E040633319E549ED00C0A3D0 /* BeaconRadar.swift */,
				E040633219E549ED00C0A3D0 /* BeaconLogManager.swift */,
				E09460F91A0261280026E002 /* Map.swift */,
				E09460FB1A0261380026E002 /* MapsManager.swift */,
				E09461071A03FAAA0026E002 /* Particle.swift */,
				E04F6B671A08E5A100C7F78E /* ParticleFilter.swift */,
			);
			path = model;
			sourceTree = "<group>";
		};
		E040633419E549ED00C0A3D0 /* util */ = {
			isa = PBXGroup;
			children = (
				E040633519E549ED00C0A3D0 /* Observable.swift */,
				E040633619E549ED00C0A3D0 /* Observer.swift */,
				E09460FD1A02850F0026E002 /* UIImage.swift */,
			);
			path = util;
			sourceTree = "<group>";
		};
		E040633719E549ED00C0A3D0 /* views */ = {
			isa = PBXGroup;
			children = (
				E09461051A03FA5D0026E002 /* ParticleMapView.swift */,
			);
			path = views;
			sourceTree = "<group>";
		};
		E040634219E54A0A00C0A3D0 /* BeaconRadioTests */ = {
			isa = PBXGroup;
			children = (
				E040634319E54A0A00C0A3D0 /* IndoorLocalizationTests.swift */,
				E040634419E54A0A00C0A3D0 /* Info.plist */,
			);
			path = BeaconRadioTests;
			sourceTree = SOURCE_ROOT;
		};
		E040634D19E58DB200C0A3D0 /* Supporting Files */ = {
			isa = PBXGroup;
			children = (
				E040632919E549ED00C0A3D0 /* LaunchScreen.xib */,
				E040632B19E549ED00C0A3D0 /* Main.storyboard */,
				E040632F19E549ED00C0A3D0 /* Images.xcassets */,
				E040633019E549ED00C0A3D0 /* Info.plist */,
			);
			name = "Supporting Files";
			sourceTree = "<group>";
		};
/* End PBXGroup section */

/* Begin PBXNativeTarget section */
		E04062E919E3BC8B00C0A3D0 /* BeaconRadio */ = {
			isa = PBXNativeTarget;
			buildConfigurationList = E040630B19E3BC8B00C0A3D0 /* Build configuration list for PBXNativeTarget "BeaconRadio" */;
			buildPhases = (
				26F369B6BF42B64038CCAFC0 /* Check Pods Manifest.lock */,
				E04062E619E3BC8B00C0A3D0 /* Sources */,
				E04062E719E3BC8B00C0A3D0 /* Frameworks */,
				E04062E819E3BC8B00C0A3D0 /* Resources */,
				6BBED8000654E5561174CDD3 /* Copy Pods Resources */,
			);
			buildRules = (
			);
			dependencies = (
			);
			name = BeaconRadio;
			productName = IndoorLocalization;
			productReference = E04062EA19E3BC8B00C0A3D0 /* BeaconRadio.app */;
			productType = "com.apple.product-type.application";
		};
		E040630019E3BC8B00C0A3D0 /* BeaconRadioTests */ = {
			isa = PBXNativeTarget;
			buildConfigurationList = E040630E19E3BC8B00C0A3D0 /* Build configuration list for PBXNativeTarget "BeaconRadioTests" */;
			buildPhases = (
				E04062FD19E3BC8B00C0A3D0 /* Sources */,
				E04062FE19E3BC8B00C0A3D0 /* Frameworks */,
				E04062FF19E3BC8B00C0A3D0 /* Resources */,
			);
			buildRules = (
			);
			dependencies = (
				E040630319E3BC8B00C0A3D0 /* PBXTargetDependency */,
				E040634819E58CFC00C0A3D0 /* PBXTargetDependency */,
				E040634A19E58D0200C0A3D0 /* PBXTargetDependency */,
				E040634C19E58D0300C0A3D0 /* PBXTargetDependency */,
			);
			name = BeaconRadioTests;
			productName = IndoorLocalizationTests;
			productReference = E040630119E3BC8B00C0A3D0 /* BeaconRadioTests.xctest */;
			productType = "com.apple.product-type.bundle.unit-test";
		};
/* End PBXNativeTarget section */

/* Begin PBXProject section */
		E04062E219E3BC8B00C0A3D0 /* Project object */ = {
			isa = PBXProject;
			attributes = {
				LastUpgradeCheck = 0600;
				ORGANIZATIONNAME = "Thomas Bopst";
				TargetAttributes = {
					E04062E919E3BC8B00C0A3D0 = {
						CreatedOnToolsVersion = 6.0.1;
						DevelopmentTeam = Y2X8W2YC9G;
					};
					E040630019E3BC8B00C0A3D0 = {
						CreatedOnToolsVersion = 6.0.1;
						TestTargetID = E04062E919E3BC8B00C0A3D0;
					};
				};
			};
			buildConfigurationList = E04062E519E3BC8B00C0A3D0 /* Build configuration list for PBXProject "BeaconRadio" */;
			compatibilityVersion = "Xcode 3.2";
			developmentRegion = English;
			hasScannedForEncodings = 0;
			knownRegions = (
				en,
				Base,
			);
			mainGroup = E04062E119E3BC8B00C0A3D0;
			productRefGroup = E04062EB19E3BC8B00C0A3D0 /* Products */;
			projectDirPath = "";
			projectRoot = "";
			targets = (
				E04062E919E3BC8B00C0A3D0 /* BeaconRadio */,
				E040630019E3BC8B00C0A3D0 /* BeaconRadioTests */,
			);
		};
/* End PBXProject section */

/* Begin PBXResourcesBuildPhase section */
		E04062E819E3BC8B00C0A3D0 /* Resources */ = {
			isa = PBXResourcesBuildPhase;
			buildActionMask = 2147483647;
			files = (
				E040633C19E549ED00C0A3D0 /* Images.xcassets in Resources */,
				E040633919E549ED00C0A3D0 /* LaunchScreen.xib in Resources */,
				E040633A19E549ED00C0A3D0 /* Main.storyboard in Resources */,
			);
			runOnlyForDeploymentPostprocessing = 0;
		};
		E04062FF19E3BC8B00C0A3D0 /* Resources */ = {
			isa = PBXResourcesBuildPhase;
			buildActionMask = 2147483647;
			files = (
			);
			runOnlyForDeploymentPostprocessing = 0;
		};
/* End PBXResourcesBuildPhase section */

/* Begin PBXShellScriptBuildPhase section */
		26F369B6BF42B64038CCAFC0 /* Check Pods Manifest.lock */ = {
			isa = PBXShellScriptBuildPhase;
			buildActionMask = 2147483647;
			files = (
			);
			inputPaths = (
			);
			name = "Check Pods Manifest.lock";
			outputPaths = (
			);
			runOnlyForDeploymentPostprocessing = 0;
			shellPath = /bin/sh;
			shellScript = "diff \"${PODS_ROOT}/../Podfile.lock\" \"${PODS_ROOT}/Manifest.lock\" > /dev/null\nif [[ $? != 0 ]] ; then\n    cat << EOM\nerror: The sandbox is not in sync with the Podfile.lock. Run 'pod install' or update your CocoaPods installation.\nEOM\n    exit 1\nfi\n";
			showEnvVarsInLog = 0;
		};
		6BBED8000654E5561174CDD3 /* Copy Pods Resources */ = {
			isa = PBXShellScriptBuildPhase;
			buildActionMask = 2147483647;
			files = (
			);
			inputPaths = (
			);
			name = "Copy Pods Resources";
			outputPaths = (
			);
			runOnlyForDeploymentPostprocessing = 0;
			shellPath = /bin/sh;
			shellScript = "\"${SRCROOT}/Pods/Target Support Files/Pods-BeaconRadio/Pods-BeaconRadio-resources.sh\"\n";
			showEnvVarsInLog = 0;
		};
/* End PBXShellScriptBuildPhase section */

/* Begin PBXSourcesBuildPhase section */
		E04062E619E3BC8B00C0A3D0 /* Sources */ = {
			isa = PBXSourcesBuildPhase;
			buildActionMask = 2147483647;
			files = (
				E040635319E7B32000C0A3D0 /* BeaconRangingChartViewController.swift in Sources */,
				E04F6B681A08E5A100C7F78E /* ParticleFilter.swift in Sources */,
				E09461081A03FAAA0026E002 /* Particle.swift in Sources */,
				E09460F81A00D0F70026E002 /* StepCounterViewController.swift in Sources */,
				E040633E19E549ED00C0A3D0 /* BeaconLogManager.swift in Sources */,
				E040634119E549ED00C0A3D0 /* Observer.swift in Sources */,
				E09460FC1A0261380026E002 /* MapsManager.swift in Sources */,
				E040634019E549ED00C0A3D0 /* Observable.swift in Sources */,
				E040633F19E549ED00C0A3D0 /* BeaconRadar.swift in Sources */,
				E040633B19E549ED00C0A3D0 /* BeaconViewController.swift in Sources */,
				E09460FA1A0261280026E002 /* Map.swift in Sources */,
				E037AAA419F949ED00038DBA /* MotionMeasurementController.swift in Sources */,
				E040633819E549ED00C0A3D0 /* AppDelegate.swift in Sources */,
				E09461061A03FA5D0026E002 /* ParticleMapView.swift in Sources */,
				E09460FE1A02850F0026E002 /* UIImage.swift in Sources */,
				E040635119E70AB000C0A3D0 /* BeaconDetailsViewController.swift in Sources */,
				E09461001A02AD070026E002 /* ParticleMapViewController.swift in Sources */,
			);
			runOnlyForDeploymentPostprocessing = 0;
		};
		E04062FD19E3BC8B00C0A3D0 /* Sources */ = {
			isa = PBXSourcesBuildPhase;
			buildActionMask = 2147483647;
			files = (
				E040634519E54A0A00C0A3D0 /* IndoorLocalizationTests.swift in Sources */,
			);
			runOnlyForDeploymentPostprocessing = 0;
		};
/* End PBXSourcesBuildPhase section */

/* Begin PBXTargetDependency section */
		E040630319E3BC8B00C0A3D0 /* PBXTargetDependency */ = {
			isa = PBXTargetDependency;
			target = E04062E919E3BC8B00C0A3D0 /* BeaconRadio */;
			targetProxy = E040630219E3BC8B00C0A3D0 /* PBXContainerItemProxy */;
		};
		E040634819E58CFC00C0A3D0 /* PBXTargetDependency */ = {
			isa = PBXTargetDependency;
			target = E04062E919E3BC8B00C0A3D0 /* BeaconRadio */;
			targetProxy = E040634719E58CFC00C0A3D0 /* PBXContainerItemProxy */;
		};
		E040634A19E58D0200C0A3D0 /* PBXTargetDependency */ = {
			isa = PBXTargetDependency;
			target = E04062E919E3BC8B00C0A3D0 /* BeaconRadio */;
			targetProxy = E040634919E58D0200C0A3D0 /* PBXContainerItemProxy */;
		};
		E040634C19E58D0300C0A3D0 /* PBXTargetDependency */ = {
			isa = PBXTargetDependency;
			target = E04062E919E3BC8B00C0A3D0 /* BeaconRadio */;
			targetProxy = E040634B19E58D0300C0A3D0 /* PBXContainerItemProxy */;
		};
/* End PBXTargetDependency section */

/* Begin PBXVariantGroup section */
		E040632919E549ED00C0A3D0 /* LaunchScreen.xib */ = {
			isa = PBXVariantGroup;
			children = (
				E040632A19E549ED00C0A3D0 /* Base */,
			);
			name = LaunchScreen.xib;
			sourceTree = "<group>";
		};
		E040632B19E549ED00C0A3D0 /* Main.storyboard */ = {
			isa = PBXVariantGroup;
			children = (
				E040632C19E549ED00C0A3D0 /* Base */,
			);
			name = Main.storyboard;
			sourceTree = "<group>";
		};
/* End PBXVariantGroup section */

/* Begin XCBuildConfiguration section */
		E040630919E3BC8B00C0A3D0 /* Debug */ = {
			isa = XCBuildConfiguration;
			buildSettings = {
				ALWAYS_SEARCH_USER_PATHS = NO;
				CLANG_CXX_LANGUAGE_STANDARD = "gnu++0x";
				CLANG_CXX_LIBRARY = "libc++";
				CLANG_ENABLE_MODULES = YES;
				CLANG_ENABLE_OBJC_ARC = YES;
				CLANG_WARN_BOOL_CONVERSION = YES;
				CLANG_WARN_CONSTANT_CONVERSION = YES;
				CLANG_WARN_DIRECT_OBJC_ISA_USAGE = YES_ERROR;
				CLANG_WARN_EMPTY_BODY = YES;
				CLANG_WARN_ENUM_CONVERSION = YES;
				CLANG_WARN_INT_CONVERSION = YES;
				CLANG_WARN_OBJC_ROOT_CLASS = YES_ERROR;
				CLANG_WARN_UNREACHABLE_CODE = YES;
				CLANG_WARN__DUPLICATE_METHOD_MATCH = YES;
				"CODE_SIGN_IDENTITY[sdk=iphoneos*]" = "iPhone Developer";
				COPY_PHASE_STRIP = NO;
				ENABLE_STRICT_OBJC_MSGSEND = YES;
				GCC_C_LANGUAGE_STANDARD = gnu99;
				GCC_DYNAMIC_NO_PIC = NO;
				GCC_OPTIMIZATION_LEVEL = 0;
				GCC_PREPROCESSOR_DEFINITIONS = (
					"DEBUG=1",
					"$(inherited)",
				);
				GCC_SYMBOLS_PRIVATE_EXTERN = NO;
				GCC_WARN_64_TO_32_BIT_CONVERSION = YES;
				GCC_WARN_ABOUT_RETURN_TYPE = YES_ERROR;
				GCC_WARN_UNDECLARED_SELECTOR = YES;
				GCC_WARN_UNINITIALIZED_AUTOS = YES_AGGRESSIVE;
				GCC_WARN_UNUSED_FUNCTION = YES;
				GCC_WARN_UNUSED_VARIABLE = YES;
				IPHONEOS_DEPLOYMENT_TARGET = 8.0;
				MTL_ENABLE_DEBUG_INFO = YES;
				ONLY_ACTIVE_ARCH = YES;
				SDKROOT = iphoneos;
				SWIFT_OPTIMIZATION_LEVEL = "-Onone";
			};
			name = Debug;
		};
		E040630A19E3BC8B00C0A3D0 /* Release */ = {
			isa = XCBuildConfiguration;
			buildSettings = {
				ALWAYS_SEARCH_USER_PATHS = NO;
				CLANG_CXX_LANGUAGE_STANDARD = "gnu++0x";
				CLANG_CXX_LIBRARY = "libc++";
				CLANG_ENABLE_MODULES = YES;
				CLANG_ENABLE_OBJC_ARC = YES;
				CLANG_WARN_BOOL_CONVERSION = YES;
				CLANG_WARN_CONSTANT_CONVERSION = YES;
				CLANG_WARN_DIRECT_OBJC_ISA_USAGE = YES_ERROR;
				CLANG_WARN_EMPTY_BODY = YES;
				CLANG_WARN_ENUM_CONVERSION = YES;
				CLANG_WARN_INT_CONVERSION = YES;
				CLANG_WARN_OBJC_ROOT_CLASS = YES_ERROR;
				CLANG_WARN_UNREACHABLE_CODE = YES;
				CLANG_WARN__DUPLICATE_METHOD_MATCH = YES;
				"CODE_SIGN_IDENTITY[sdk=iphoneos*]" = "iPhone Developer";
				COPY_PHASE_STRIP = YES;
				ENABLE_NS_ASSERTIONS = NO;
				ENABLE_STRICT_OBJC_MSGSEND = YES;
				GCC_C_LANGUAGE_STANDARD = gnu99;
				GCC_WARN_64_TO_32_BIT_CONVERSION = YES;
				GCC_WARN_ABOUT_RETURN_TYPE = YES_ERROR;
				GCC_WARN_UNDECLARED_SELECTOR = YES;
				GCC_WARN_UNINITIALIZED_AUTOS = YES_AGGRESSIVE;
				GCC_WARN_UNUSED_FUNCTION = YES;
				GCC_WARN_UNUSED_VARIABLE = YES;
				IPHONEOS_DEPLOYMENT_TARGET = 8.0;
				MTL_ENABLE_DEBUG_INFO = NO;
				SDKROOT = iphoneos;
				VALIDATE_PRODUCT = YES;
			};
			name = Release;
		};
		E040630C19E3BC8B00C0A3D0 /* Debug */ = {
			isa = XCBuildConfiguration;
			baseConfigurationReference = 980E73A51563FD00165D0F1B /* Pods-BeaconRadio.debug.xcconfig */;
			buildSettings = {
				ASSETCATALOG_COMPILER_APPICON_NAME = AppIcon;
				CLANG_ENABLE_MODULES = YES;
				CODE_SIGN_IDENTITY = "iPhone Developer";
				INFOPLIST_FILE = "$(SRCROOT)/BeaconRadio/Info.plist";
				LD_RUNPATH_SEARCH_PATHS = "$(inherited) @executable_path/Frameworks";
				PRODUCT_NAME = BeaconRadio;
				SWIFT_OBJC_BRIDGING_HEADER = "BeaconRadio/BeaconRadio-Bridging-Header.h";
				SWIFT_OPTIMIZATION_LEVEL = "-Onone";
			};
			name = Debug;
		};
		E040630D19E3BC8B00C0A3D0 /* Release */ = {
			isa = XCBuildConfiguration;
			baseConfigurationReference = 95ABF6B9C87707F0FF76C6C5 /* Pods-BeaconRadio.release.xcconfig */;
			buildSettings = {
				ASSETCATALOG_COMPILER_APPICON_NAME = AppIcon;
				CLANG_ENABLE_MODULES = YES;
				CODE_SIGN_IDENTITY = "iPhone Developer";
				INFOPLIST_FILE = "$(SRCROOT)/BeaconRadio/Info.plist";
				LD_RUNPATH_SEARCH_PATHS = "$(inherited) @executable_path/Frameworks";
				PRODUCT_NAME = BeaconRadio;
				SWIFT_OBJC_BRIDGING_HEADER = "BeaconRadio/BeaconRadio-Bridging-Header.h";
			};
			name = Release;
		};
		E040630F19E3BC8B00C0A3D0 /* Debug */ = {
			isa = XCBuildConfiguration;
			buildSettings = {
				BUNDLE_LOADER = "$(TEST_HOST)";
				FRAMEWORK_SEARCH_PATHS = (
					"$(SDKROOT)/Developer/Library/Frameworks",
					"$(inherited)",
				);
				GCC_PREPROCESSOR_DEFINITIONS = (
					"DEBUG=1",
					"$(inherited)",
				);
				INFOPLIST_FILE = BeaconRadioTests/Info.plist;
				LD_RUNPATH_SEARCH_PATHS = "$(inherited) @executable_path/Frameworks @loader_path/Frameworks";
				PRODUCT_NAME = BeaconRadioTests;
				TEST_HOST = "$(BUILT_PRODUCTS_DIR)/BeaconRadio.app/BeaconRadio";
			};
			name = Debug;
		};
		E040631019E3BC8B00C0A3D0 /* Release */ = {
			isa = XCBuildConfiguration;
			buildSettings = {
				BUNDLE_LOADER = "$(TEST_HOST)";
				FRAMEWORK_SEARCH_PATHS = (
					"$(SDKROOT)/Developer/Library/Frameworks",
					"$(inherited)",
				);
				INFOPLIST_FILE = BeaconRadioTests/Info.plist;
				LD_RUNPATH_SEARCH_PATHS = "$(inherited) @executable_path/Frameworks @loader_path/Frameworks";
				PRODUCT_NAME = BeaconRadioTests;
				TEST_HOST = "$(BUILT_PRODUCTS_DIR)/BeaconRadio.app/BeaconRadio";
			};
			name = Release;
		};
/* End XCBuildConfiguration section */

/* Begin XCConfigurationList section */
		E04062E519E3BC8B00C0A3D0 /* Build configuration list for PBXProject "BeaconRadio" */ = {
			isa = XCConfigurationList;
			buildConfigurations = (
				E040630919E3BC8B00C0A3D0 /* Debug */,
				E040630A19E3BC8B00C0A3D0 /* Release */,
			);
			defaultConfigurationIsVisible = 0;
			defaultConfigurationName = Release;
		};
		E040630B19E3BC8B00C0A3D0 /* Build configuration list for PBXNativeTarget "BeaconRadio" */ = {
			isa = XCConfigurationList;
			buildConfigurations = (
				E040630C19E3BC8B00C0A3D0 /* Debug */,
				E040630D19E3BC8B00C0A3D0 /* Release */,
			);
			defaultConfigurationIsVisible = 0;
			defaultConfigurationName = Release;
		};
		E040630E19E3BC8B00C0A3D0 /* Build configuration list for PBXNativeTarget "BeaconRadioTests" */ = {
			isa = XCConfigurationList;
			buildConfigurations = (
				E040630F19E3BC8B00C0A3D0 /* Debug */,
				E040631019E3BC8B00C0A3D0 /* Release */,
			);
			defaultConfigurationIsVisible = 0;
			defaultConfigurationName = Release;
		};
/* End XCConfigurationList section */
	};
	rootObject = E04062E219E3BC8B00C0A3D0 /* Project object */;
}
